
Microsoft Visual Studio Solution File, Format Version 12.00
# Visual Studio Version 17
VisualStudioVersion = 17.9.34607.119
MinimumVisualStudioVersion = 10.0.40219.1
Project("{8BC9CEB8-8B4A-11D0-8D11-00A0C91BC942}") = "newport_usb_wrap", "newport_usb_wrap\newport_usb_wrap.vcxproj", "{C1D168C9-84DA-425E-844A-7A212582F60E}"
EndProject
Global
	GlobalSection(SolutionConfigurationPlatforms) = preSolution
		Debug|x64 = Debug|x64
		Debug|x86 = Debug|x86
		Release|x64 = Release|x64
		Release|x86 = Release|x86
	EndGlobalSection
	GlobalSection(ProjectConfigurationPlatforms) = postSolution
		{C1D168C9-84DA-425E-844A-7A212582F60E}.Debug|x64.ActiveCfg = Debug|x64
		{C1D168C9-84DA-425E-844A-7A212582F60E}.Debug|x64.Build.0 = Debug|x64
		{C1D168C9-84DA-425E-844A-7A212582F60E}.Debug|x86.ActiveCfg = Debug|x64
		{C1D168C9-84DA-425E-844A-7A212582F60E}.Release|x64.ActiveCfg = Release|x64
		{C1D168C9-84DA-425E-844A-7A212582F60E}.Release|x64.Build.0 = Release|x64
		{C1D168C9-84DA-425E-844A-7A212582F60E}.Release|x86.ActiveCfg = Release|x64
	EndGlobalSection
	GlobalSection(SolutionProperties) = preSolution
		HideSolutionNode = FALSE
	EndGlobalSection
	GlobalSection(ExtensibilityGlobals) = postSolution
		SolutionGuid = {8633376A-0CBC-4AC6-98F8-EB89469E748D}
	EndGlobalSection
EndGlobal
